// !$*UTF8*$!
{
	archiveVersion = 1;
	classes = {
	};
	objectVersion = 56;
	objects = {

/* Begin PBXBuildFile section */
		2842FA30298FACFD0042235F /* AppDelegate.swift in Sources */ = {isa = PBXBuildFile; fileRef = 2842FA2F298FACFD0042235F /* AppDelegate.swift */; };
		2842FA32298FACFD0042235F /* SceneDelegate.swift in Sources */ = {isa = PBXBuildFile; fileRef = 2842FA31298FACFD0042235F /* SceneDelegate.swift */; };
		2842FA34298FACFD0042235F /* ViewController.swift in Sources */ = {isa = PBXBuildFile; fileRef = 2842FA33298FACFD0042235F /* ViewController.swift */; };
		2842FA37298FACFD0042235F /* Main.storyboard in Resources */ = {isa = PBXBuildFile; fileRef = 2842FA35298FACFD0042235F /* Main.storyboard */; };
		2842FA39298FACFE0042235F /* Assets.xcassets in Resources */ = {isa = PBXBuildFile; fileRef = 2842FA38298FACFE0042235F /* Assets.xcassets */; };
		2842FA3C298FACFE0042235F /* LaunchScreen.storyboard in Resources */ = {isa = PBXBuildFile; fileRef = 2842FA3A298FACFE0042235F /* LaunchScreen.storyboard */; };
		285EF1C52994D2A60084AC30 /* CameraViewController.swift in Sources */ = {isa = PBXBuildFile; fileRef = 285EF1C42994D2A60084AC30 /* CameraViewController.swift */; };
		287837632992242B001BDBF6 /* Monster.swift in Sources */ = {isa = PBXBuildFile; fileRef = 287837622992242B001BDBF6 /* Monster.swift */; };
		2878376529922481001BDBF6 /* MonstersBrain.swift in Sources */ = {isa = PBXBuildFile; fileRef = 2878376429922481001BDBF6 /* MonstersBrain.swift */; };
		2878376729923180001BDBF6 /* MonsterCell.xib in Resources */ = {isa = PBXBuildFile; fileRef = 2878376629923180001BDBF6 /* MonsterCell.xib */; };
		28783769299232B9001BDBF6 /* MonsterCell.swift in Sources */ = {isa = PBXBuildFile; fileRef = 28783768299232B9001BDBF6 /* MonsterCell.swift */; };
		28901E89299218A80054BC9B /* MonstersViewController.swift in Sources */ = {isa = PBXBuildFile; fileRef = 28901E88299218A80054BC9B /* MonstersViewController.swift */; };
		28B8913D299BD35200FB7A2B /* music.mp3 in Resources */ = {isa = PBXBuildFile; fileRef = 28B8913C299BD35200FB7A2B /* music.mp3 */; };
		F0E8DBF5881952F38862E082 /* Pods_MonsterHunter.framework in Frameworks */ = {isa = PBXBuildFile; fileRef = 7FE70BA09FFBB71BC2184E6D /* Pods_MonsterHunter.framework */; };
/* End PBXBuildFile section */

/* Begin PBXFileReference section */
		1D7BF8129D55A83B820C2FC8 /* Pods-MonsterHunter.release.xcconfig */ = {isa = PBXFileReference; includeInIndex = 1; lastKnownFileType = text.xcconfig; name = "Pods-MonsterHunter.release.xcconfig"; path = "Target Support Files/Pods-MonsterHunter/Pods-MonsterHunter.release.xcconfig"; sourceTree = "<group>"; };
		20E0DF7AB41797236E6848E9 /* Pods-MonsterHunter.debug.xcconfig */ = {isa = PBXFileReference; includeInIndex = 1; lastKnownFileType = text.xcconfig; name = "Pods-MonsterHunter.debug.xcconfig"; path = "Target Support Files/Pods-MonsterHunter/Pods-MonsterHunter.debug.xcconfig"; sourceTree = "<group>"; };
		2842FA2C298FACFD0042235F /* MonsterHunter.app */ = {isa = PBXFileReference; explicitFileType = wrapper.application; includeInIndex = 0; path = MonsterHunter.app; sourceTree = BUILT_PRODUCTS_DIR; };
		2842FA2F298FACFD0042235F /* AppDelegate.swift */ = {isa = PBXFileReference; lastKnownFileType = sourcecode.swift; path = AppDelegate.swift; sourceTree = "<group>"; };
		2842FA31298FACFD0042235F /* SceneDelegate.swift */ = {isa = PBXFileReference; lastKnownFileType = sourcecode.swift; path = SceneDelegate.swift; sourceTree = "<group>"; };
		2842FA33298FACFD0042235F /* ViewController.swift */ = {isa = PBXFileReference; lastKnownFileType = sourcecode.swift; path = ViewController.swift; sourceTree = "<group>"; };
		2842FA36298FACFD0042235F /* Base */ = {isa = PBXFileReference; lastKnownFileType = file.storyboard; name = Base; path = Base.lproj/Main.storyboard; sourceTree = "<group>"; };
		2842FA38298FACFE0042235F /* Assets.xcassets */ = {isa = PBXFileReference; lastKnownFileType = folder.assetcatalog; path = Assets.xcassets; sourceTree = "<group>"; };
		2842FA3B298FACFE0042235F /* Base */ = {isa = PBXFileReference; lastKnownFileType = file.storyboard; name = Base; path = Base.lproj/LaunchScreen.storyboard; sourceTree = "<group>"; };
		2842FA3D298FACFE0042235F /* Info.plist */ = {isa = PBXFileReference; lastKnownFileType = text.plist.xml; path = Info.plist; sourceTree = "<group>"; };
		285EF1C42994D2A60084AC30 /* CameraViewController.swift */ = {isa = PBXFileReference; lastKnownFileType = sourcecode.swift; path = CameraViewController.swift; sourceTree = "<group>"; };
		287837622992242B001BDBF6 /* Monster.swift */ = {isa = PBXFileReference; lastKnownFileType = sourcecode.swift; path = Monster.swift; sourceTree = "<group>"; };
		2878376429922481001BDBF6 /* MonstersBrain.swift */ = {isa = PBXFileReference; lastKnownFileType = sourcecode.swift; path = MonstersBrain.swift; sourceTree = "<group>"; };
		2878376629923180001BDBF6 /* MonsterCell.xib */ = {isa = PBXFileReference; lastKnownFileType = file.xib; path = MonsterCell.xib; sourceTree = "<group>"; };
		28783768299232B9001BDBF6 /* MonsterCell.swift */ = {isa = PBXFileReference; lastKnownFileType = sourcecode.swift; path = MonsterCell.swift; sourceTree = "<group>"; };
		28901E88299218A80054BC9B /* MonstersViewController.swift */ = {isa = PBXFileReference; lastKnownFileType = sourcecode.swift; path = MonstersViewController.swift; sourceTree = "<group>"; };
		28B8913C299BD35200FB7A2B /* music.mp3 */ = {isa = PBXFileReference; lastKnownFileType = audio.mp3; path = music.mp3; sourceTree = "<group>"; };
		7FE70BA09FFBB71BC2184E6D /* Pods_MonsterHunter.framework */ = {isa = PBXFileReference; explicitFileType = wrapper.framework; includeInIndex = 0; path = Pods_MonsterHunter.framework; sourceTree = BUILT_PRODUCTS_DIR; };
/* End PBXFileReference section */

/* Begin PBXFrameworksBuildPhase section */
		2842FA29298FACFD0042235F /* Frameworks */ = {
			isa = PBXFrameworksBuildPhase;
			buildActionMask = 2147483647;
			files = (
				F0E8DBF5881952F38862E082 /* Pods_MonsterHunter.framework in Frameworks */,
			);
			runOnlyForDeploymentPostprocessing = 0;
		};
/* End PBXFrameworksBuildPhase section */

/* Begin PBXGroup section */
		2842FA23298FACFD0042235F = {
			isa = PBXGroup;
			children = (
				2842FA2E298FACFD0042235F /* MonsterHunter */,
				2842FA2D298FACFD0042235F /* Products */,
				310AA5E6FAC3FC90022F95BA /* Pods */,
				E00270C3F5AFC53E9D5D3F4C /* Frameworks */,
			);
			sourceTree = "<group>";
		};
		2842FA2D298FACFD0042235F /* Products */ = {
			isa = PBXGroup;
			children = (
				2842FA2C298FACFD0042235F /* MonsterHunter.app */,
			);
			name = Products;
			sourceTree = "<group>";
		};
		2842FA2E298FACFD0042235F /* MonsterHunter */ = {
			isa = PBXGroup;
			children = (
				2842FA2F298FACFD0042235F /* AppDelegate.swift */,
				2842FA31298FACFD0042235F /* SceneDelegate.swift */,
				2878376C29923546001BDBF6 /* Model */,
				2878376B29923537001BDBF6 /* View */,
				2878376D29923556001BDBF6 /* Controllers */,
				2842FA38298FACFE0042235F /* Assets.xcassets */,
				28B8913C299BD35200FB7A2B /* music.mp3 */,
				2842FA3D298FACFE0042235F /* Info.plist */,
			);
			path = MonsterHunter;
			sourceTree = "<group>";
		};
		2878376A29923527001BDBF6 /* Cell */ = {
			isa = PBXGroup;
			children = (
				2878376629923180001BDBF6 /* MonsterCell.xib */,
				28783768299232B9001BDBF6 /* MonsterCell.swift */,
			);
			path = Cell;
			sourceTree = "<group>";
		};
		2878376B29923537001BDBF6 /* View */ = {
			isa = PBXGroup;
			children = (
				2878376A29923527001BDBF6 /* Cell */,
				2842FA35298FACFD0042235F /* Main.storyboard */,
				2842FA3A298FACFE0042235F /* LaunchScreen.storyboard */,
			);
			path = View;
			sourceTree = "<group>";
		};
		2878376C29923546001BDBF6 /* Model */ = {
			isa = PBXGroup;
			children = (
				287837622992242B001BDBF6 /* Monster.swift */,
				2878376429922481001BDBF6 /* MonstersBrain.swift */,
			);
			path = Model;
			sourceTree = "<group>";
		};
		2878376D29923556001BDBF6 /* Controllers */ = {
			isa = PBXGroup;
			children = (
				2842FA33298FACFD0042235F /* ViewController.swift */,
				28901E88299218A80054BC9B /* MonstersViewController.swift */,
				285EF1C42994D2A60084AC30 /* CameraViewController.swift */,
			);
			path = Controllers;
			sourceTree = "<group>";
		};
		310AA5E6FAC3FC90022F95BA /* Pods */ = {
			isa = PBXGroup;
			children = (
				20E0DF7AB41797236E6848E9 /* Pods-MonsterHunter.debug.xcconfig */,
				1D7BF8129D55A83B820C2FC8 /* Pods-MonsterHunter.release.xcconfig */,
			);
			path = Pods;
			sourceTree = "<group>";
		};
		E00270C3F5AFC53E9D5D3F4C /* Frameworks */ = {
			isa = PBXGroup;
			children = (
				7FE70BA09FFBB71BC2184E6D /* Pods_MonsterHunter.framework */,
			);
			name = Frameworks;
			sourceTree = "<group>";
		};
/* End PBXGroup section */

/* Begin PBXNativeTarget section */
		2842FA2B298FACFD0042235F /* MonsterHunter */ = {
			isa = PBXNativeTarget;
			buildConfigurationList = 2842FA40298FACFE0042235F /* Build configuration list for PBXNativeTarget "MonsterHunter" */;
			buildPhases = (
				3890C74A1F075883A8225B23 /* [CP] Check Pods Manifest.lock */,
				2842FA28298FACFD0042235F /* Sources */,
				2842FA29298FACFD0042235F /* Frameworks */,
				2842FA2A298FACFD0042235F /* Resources */,
				5A0731F625892D4B0910EE14 /* [CP] Copy Pods Resources */,
			);
			buildRules = (
			);
			dependencies = (
			);
			name = MonsterHunter;
			productName = MonsterHunter;
			productReference = 2842FA2C298FACFD0042235F /* MonsterHunter.app */;
			productType = "com.apple.product-type.application";
		};
/* End PBXNativeTarget section */

/* Begin PBXProject section */
		2842FA24298FACFD0042235F /* Project object */ = {
			isa = PBXProject;
			attributes = {
				BuildIndependentTargetsInParallel = 1;
				LastSwiftUpdateCheck = 1410;
				LastUpgradeCheck = 1410;
				TargetAttributes = {
					2842FA2B298FACFD0042235F = {
						CreatedOnToolsVersion = 14.1;
					};
				};
			};
			buildConfigurationList = 2842FA27298FACFD0042235F /* Build configuration list for PBXProject "MonsterHunter" */;
			compatibilityVersion = "Xcode 14.0";
			developmentRegion = en;
			hasScannedForEncodings = 0;
			knownRegions = (
				en,
				Base,
			);
			mainGroup = 2842FA23298FACFD0042235F;
			productRefGroup = 2842FA2D298FACFD0042235F /* Products */;
			projectDirPath = "";
			projectRoot = "";
			targets = (
				2842FA2B298FACFD0042235F /* MonsterHunter */,
			);
		};
/* End PBXProject section */

/* Begin PBXResourcesBuildPhase section */
		2842FA2A298FACFD0042235F /* Resources */ = {
			isa = PBXResourcesBuildPhase;
			buildActionMask = 2147483647;
			files = (
				28B8913D299BD35200FB7A2B /* music.mp3 in Resources */,
				2878376729923180001BDBF6 /* MonsterCell.xib in Resources */,
				2842FA3C298FACFE0042235F /* LaunchScreen.storyboard in Resources */,
				2842FA39298FACFE0042235F /* Assets.xcassets in Resources */,
				2842FA37298FACFD0042235F /* Main.storyboard in Resources */,
			);
			runOnlyForDeploymentPostprocessing = 0;
		};
/* End PBXResourcesBuildPhase section */

/* Begin PBXShellScriptBuildPhase section */
		3890C74A1F075883A8225B23 /* [CP] Check Pods Manifest.lock */ = {
			isa = PBXShellScriptBuildPhase;
			buildActionMask = 2147483647;
			files = (
			);
			inputFileListPaths = (
			);
			inputPaths = (
				"${PODS_PODFILE_DIR_PATH}/Podfile.lock",
				"${PODS_ROOT}/Manifest.lock",
			);
			name = "[CP] Check Pods Manifest.lock";
			outputFileListPaths = (
			);
			outputPaths = (
				"$(DERIVED_FILE_DIR)/Pods-MonsterHunter-checkManifestLockResult.txt",
			);
			runOnlyForDeploymentPostprocessing = 0;
			shellPath = /bin/sh;
			shellScript = "diff \"${PODS_PODFILE_DIR_PATH}/Podfile.lock\" \"${PODS_ROOT}/Manifest.lock\" > /dev/null\nif [ $? != 0 ] ; then\n    # print error to STDERR\n    echo \"error: The sandbox is not in sync with the Podfile.lock. Run 'pod install' or update your CocoaPods installation.\" >&2\n    exit 1\nfi\n# This output is used by Xcode 'outputs' to avoid re-running this script phase.\necho \"SUCCESS\" > \"${SCRIPT_OUTPUT_FILE_0}\"\n";
			showEnvVarsInLog = 0;
		};
		5A0731F625892D4B0910EE14 /* [CP] Copy Pods Resources */ = {
			isa = PBXShellScriptBuildPhase;
			buildActionMask = 2147483647;
			files = (
			);
			inputFileListPaths = (
				"${PODS_ROOT}/Target Support Files/Pods-MonsterHunter/Pods-MonsterHunter-resources-${CONFIGURATION}-input-files.xcfilelist",
			);
			name = "[CP] Copy Pods Resources";
			outputFileListPaths = (
				"${PODS_ROOT}/Target Support Files/Pods-MonsterHunter/Pods-MonsterHunter-resources-${CONFIGURATION}-output-files.xcfilelist",
			);
			runOnlyForDeploymentPostprocessing = 0;
			shellPath = /bin/sh;
			shellScript = "\"${PODS_ROOT}/Target Support Files/Pods-MonsterHunter/Pods-MonsterHunter-resources.sh\"\n";
			showEnvVarsInLog = 0;
		};
/* End PBXShellScriptBuildPhase section */

/* Begin PBXSourcesBuildPhase section */
		2842FA28298FACFD0042235F /* Sources */ = {
			isa = PBXSourcesBuildPhase;
			buildActionMask = 2147483647;
			files = (
				287837632992242B001BDBF6 /* Monster.swift in Sources */,
				2878376529922481001BDBF6 /* MonstersBrain.swift in Sources */,
				2842FA34298FACFD0042235F /* ViewController.swift in Sources */,
				28901E89299218A80054BC9B /* MonstersViewController.swift in Sources */,
				2842FA30298FACFD0042235F /* AppDelegate.swift in Sources */,
				285EF1C52994D2A60084AC30 /* CameraViewController.swift in Sources */,
				2842FA32298FACFD0042235F /* SceneDelegate.swift in Sources */,
				28783769299232B9001BDBF6 /* MonsterCell.swift in Sources */,
			);
			runOnlyForDeploymentPostprocessing = 0;
		};
/* End PBXSourcesBuildPhase section */

/* Begin PBXVariantGroup section */
		2842FA35298FACFD0042235F /* Main.storyboard */ = {
			isa = PBXVariantGroup;
			children = (
				2842FA36298FACFD0042235F /* Base */,
			);
			name = Main.storyboard;
			sourceTree = "<group>";
		};
		2842FA3A298FACFE0042235F /* LaunchScreen.storyboard */ = {
			isa = PBXVariantGroup;
			children = (
				2842FA3B298FACFE0042235F /* Base */,
			);
			name = LaunchScreen.storyboard;
			sourceTree = "<group>";
		};
/* End PBXVariantGroup section */

/* Begin XCBuildConfiguration section */
		2842FA3E298FACFE0042235F /* Debug */ = {
			isa = XCBuildConfiguration;
			buildSettings = {
				ALWAYS_SEARCH_USER_PATHS = NO;
				CLANG_ANALYZER_NONNULL = YES;
				CLANG_ANALYZER_NUMBER_OBJECT_CONVERSION = YES_AGGRESSIVE;
				CLANG_CXX_LANGUAGE_STANDARD = "gnu++20";
				CLANG_ENABLE_MODULES = YES;
				CLANG_ENABLE_OBJC_ARC = YES;
				CLANG_ENABLE_OBJC_WEAK = YES;
				CLANG_WARN_BLOCK_CAPTURE_AUTORELEASING = YES;
				CLANG_WARN_BOOL_CONVERSION = YES;
				CLANG_WARN_COMMA = YES;
				CLANG_WARN_CONSTANT_CONVERSION = YES;
				CLANG_WARN_DEPRECATED_OBJC_IMPLEMENTATIONS = YES;
				CLANG_WARN_DIRECT_OBJC_ISA_USAGE = YES_ERROR;
				CLANG_WARN_DOCUMENTATION_COMMENTS = YES;
				CLANG_WARN_EMPTY_BODY = YES;
				CLANG_WARN_ENUM_CONVERSION = YES;
				CLANG_WARN_INFINITE_RECURSION = YES;
				CLANG_WARN_INT_CONVERSION = YES;
				CLANG_WARN_NON_LITERAL_NULL_CONVERSION = YES;
				CLANG_WARN_OBJC_IMPLICIT_RETAIN_SELF = YES;
				CLANG_WARN_OBJC_LITERAL_CONVERSION = YES;
				CLANG_WARN_OBJC_ROOT_CLASS = YES_ERROR;
				CLANG_WARN_QUOTED_INCLUDE_IN_FRAMEWORK_HEADER = YES;
				CLANG_WARN_RANGE_LOOP_ANALYSIS = YES;
				CLANG_WARN_STRICT_PROTOTYPES = YES;
				CLANG_WARN_SUSPICIOUS_MOVE = YES;
				CLANG_WARN_UNGUARDED_AVAILABILITY = YES_AGGRESSIVE;
				CLANG_WARN_UNREACHABLE_CODE = YES;
				CLANG_WARN__DUPLICATE_METHOD_MATCH = YES;
				COPY_PHASE_STRIP = NO;
				DEBUG_INFORMATION_FORMAT = dwarf;
				ENABLE_STRICT_OBJC_MSGSEND = YES;
				ENABLE_TESTABILITY = YES;
				GCC_C_LANGUAGE_STANDARD = gnu11;
				GCC_DYNAMIC_NO_PIC = NO;
				GCC_NO_COMMON_BLOCKS = YES;
				GCC_OPTIMIZATION_LEVEL = 0;
				GCC_PREPROCESSOR_DEFINITIONS = (
					"DEBUG=1",
					"$(inherited)",
				);
				GCC_WARN_64_TO_32_BIT_CONVERSION = YES;
				GCC_WARN_ABOUT_RETURN_TYPE = YES_ERROR;
				GCC_WARN_UNDECLARED_SELECTOR = YES;
				GCC_WARN_UNINITIALIZED_AUTOS = YES_AGGRESSIVE;
				GCC_WARN_UNUSED_FUNCTION = YES;
				GCC_WARN_UNUSED_VARIABLE = YES;
				IPHONEOS_DEPLOYMENT_TARGET = 16.1;
				MTL_ENABLE_DEBUG_INFO = INCLUDE_SOURCE;
				MTL_FAST_MATH = YES;
				ONLY_ACTIVE_ARCH = YES;
				SDKROOT = iphoneos;
				SWIFT_ACTIVE_COMPILATION_CONDITIONS = DEBUG;
				SWIFT_OPTIMIZATION_LEVEL = "-Onone";
			};
			name = Debug;
		};
		2842FA3F298FACFE0042235F /* Release */ = {
			isa = XCBuildConfiguration;
			buildSettings = {
				ALWAYS_SEARCH_USER_PATHS = NO;
				CLANG_ANALYZER_NONNULL = YES;
				CLANG_ANALYZER_NUMBER_OBJECT_CONVERSION = YES_AGGRESSIVE;
				CLANG_CXX_LANGUAGE_STANDARD = "gnu++20";
				CLANG_ENABLE_MODULES = YES;
				CLANG_ENABLE_OBJC_ARC = YES;
				CLANG_ENABLE_OBJC_WEAK = YES;
				CLANG_WARN_BLOCK_CAPTURE_AUTORELEASING = YES;
				CLANG_WARN_BOOL_CONVERSION = YES;
				CLANG_WARN_COMMA = YES;
				CLANG_WARN_CONSTANT_CONVERSION = YES;
				CLANG_WARN_DEPRECATED_OBJC_IMPLEMENTATIONS = YES;
				CLANG_WARN_DIRECT_OBJC_ISA_USAGE = YES_ERROR;
				CLANG_WARN_DOCUMENTATION_COMMENTS = YES;
				CLANG_WARN_EMPTY_BODY = YES;
				CLANG_WARN_ENUM_CONVERSION = YES;
				CLANG_WARN_INFINITE_RECURSION = YES;
				CLANG_WARN_INT_CONVERSION = YES;
				CLANG_WARN_NON_LITERAL_NULL_CONVERSION = YES;
				CLANG_WARN_OBJC_IMPLICIT_RETAIN_SELF = YES;
				CLANG_WARN_OBJC_LITERAL_CONVERSION = YES;
				CLANG_WARN_OBJC_ROOT_CLASS = YES_ERROR;
				CLANG_WARN_QUOTED_INCLUDE_IN_FRAMEWORK_HEADER = YES;
				CLANG_WARN_RANGE_LOOP_ANALYSIS = YES;
				CLANG_WARN_STRICT_PROTOTYPES = YES;
				CLANG_WARN_SUSPICIOUS_MOVE = YES;
				CLANG_WARN_UNGUARDED_AVAILABILITY = YES_AGGRESSIVE;
				CLANG_WARN_UNREACHABLE_CODE = YES;
				CLANG_WARN__DUPLICATE_METHOD_MATCH = YES;
				COPY_PHASE_STRIP = NO;
				DEBUG_INFORMATION_FORMAT = "dwarf-with-dsym";
				ENABLE_NS_ASSERTIONS = NO;
				ENABLE_STRICT_OBJC_MSGSEND = YES;
				GCC_C_LANGUAGE_STANDARD = gnu11;
				GCC_NO_COMMON_BLOCKS = YES;
				GCC_WARN_64_TO_32_BIT_CONVERSION = YES;
				GCC_WARN_ABOUT_RETURN_TYPE = YES_ERROR;
				GCC_WARN_UNDECLARED_SELECTOR = YES;
				GCC_WARN_UNINITIALIZED_AUTOS = YES_AGGRESSIVE;
				GCC_WARN_UNUSED_FUNCTION = YES;
				GCC_WARN_UNUSED_VARIABLE = YES;
				IPHONEOS_DEPLOYMENT_TARGET = 16.1;
				MTL_ENABLE_DEBUG_INFO = NO;
				MTL_FAST_MATH = YES;
				SDKROOT = iphoneos;
				SWIFT_COMPILATION_MODE = wholemodule;
				SWIFT_OPTIMIZATION_LEVEL = "-O";
				VALIDATE_PRODUCT = YES;
			};
			name = Release;
		};
		2842FA41298FACFE0042235F /* Debug */ = {
			isa = XCBuildConfiguration;
			baseConfigurationReference = 20E0DF7AB41797236E6848E9 /* Pods-MonsterHunter.debug.xcconfig */;
			buildSettings = {
				ASSETCATALOG_COMPILER_APPICON_NAME = AppIcon;
				ASSETCATALOG_COMPILER_GLOBAL_ACCENT_COLOR_NAME = AccentColor;
				CODE_SIGN_STYLE = Automatic;
				CURRENT_PROJECT_VERSION = 1;
				DEVELOPMENT_TEAM = U824AND8KD;
				GENERATE_INFOPLIST_FILE = YES;
				INFOPLIST_FILE = MonsterHunter/Info.plist;
				INFOPLIST_KEY_UIApplicationSupportsIndirectInputEvents = YES;
				INFOPLIST_KEY_UILaunchStoryboardName = LaunchScreen;
				INFOPLIST_KEY_UIMainStoryboardFile = Main;
				INFOPLIST_KEY_UISupportedInterfaceOrientations = UIInterfaceOrientationPortrait;
				INFOPLIST_KEY_UISupportedInterfaceOrientations_iPad = "UIInterfaceOrientationLandscapeLeft UIInterfaceOrientationLandscapeRight UIInterfaceOrientationPortrait UIInterfaceOrientationPortraitUpsideDown";
				IPHONEOS_DEPLOYMENT_TARGET = 13.0;
				LD_RUNPATH_SEARCH_PATHS = (
					"$(inherited)",
					"@executable_path/Frameworks",
				);
				MARKETING_VERSION = 1.0;
				PRODUCT_BUNDLE_IDENTIFIER = Saf.MonsterHunter;
				PRODUCT_NAME = "$(TARGET_NAME)";
				SUPPORTED_PLATFORMS = "iphoneos iphonesimulator";
				SUPPORTS_MACCATALYST = NO;
				SUPPORTS_MAC_DESIGNED_FOR_IPHONE_IPAD = NO;
				SWIFT_EMIT_LOC_STRINGS = YES;
				SWIFT_VERSION = 5.0;
				TARGETED_DEVICE_FAMILY = 1;
			};
			name = Debug;
		};
		2842FA42298FACFE0042235F /* Release */ = {
			isa = XCBuildConfiguration;
			baseConfigurationReference = 1D7BF8129D55A83B820C2FC8 /* Pods-MonsterHunter.release.xcconfig */;
			buildSettings = {
				ASSETCATALOG_COMPILER_APPICON_NAME = AppIcon;
				ASSETCATALOG_COMPILER_GLOBAL_ACCENT_COLOR_NAME = AccentColor;
				CODE_SIGN_STYLE = Automatic;
				CURRENT_PROJECT_VERSION = 1;
				DEVELOPMENT_TEAM = U824AND8KD;
				GENERATE_INFOPLIST_FILE = YES;
				INFOPLIST_FILE = MonsterHunter/Info.plist;
				INFOPLIST_KEY_UIApplicationSupportsIndirectInputEvents = YES;
				INFOPLIST_KEY_UILaunchStoryboardName = LaunchScreen;
				INFOPLIST_KEY_UIMainStoryboardFile = Main;
				INFOPLIST_KEY_UISupportedInterfaceOrientations = UIInterfaceOrientationPortrait;
				INFOPLIST_KEY_UISupportedInterfaceOrientations_iPad = "UIInterfaceOrientationLandscapeLeft UIInterfaceOrientationLandscapeRight UIInterfaceOrientationPortrait UIInterfaceOrientationPortraitUpsideDown";
				IPHONEOS_DEPLOYMENT_TARGET = 13.0;
				LD_RUNPATH_SEARCH_PATHS = (
					"$(inherited)",
					"@executable_path/Frameworks",
				);
				MARKETING_VERSION = 1.0;
				PRODUCT_BUNDLE_IDENTIFIER = Saf.MonsterHunter;
				PRODUCT_NAME = "$(TARGET_NAME)";
				SUPPORTED_PLATFORMS = "iphoneos iphonesimulator";
				SUPPORTS_MACCATALYST = NO;
				SUPPORTS_MAC_DESIGNED_FOR_IPHONE_IPAD = NO;
				SWIFT_EMIT_LOC_STRINGS = YES;
				SWIFT_VERSION = 5.0;
				TARGETED_DEVICE_FAMILY = 1;
			};
			name = Release;
		};
/* End XCBuildConfiguration section */

/* Begin XCConfigurationList section */
		2842FA27298FACFD0042235F /* Build configuration list for PBXProject "MonsterHunter" */ = {
			isa = XCConfigurationList;
			buildConfigurations = (
				2842FA3E298FACFE0042235F /* Debug */,
				2842FA3F298FACFE0042235F /* Release */,
			);
			defaultConfigurationIsVisible = 0;
			defaultConfigurationName = Release;
		};
		2842FA40298FACFE0042235F /* Build configuration list for PBXNativeTarget "MonsterHunter" */ = {
			isa = XCConfigurationList;
			buildConfigurations = (
				2842FA41298FACFE0042235F /* Debug */,
				2842FA42298FACFE0042235F /* Release */,
			);
			defaultConfigurationIsVisible = 0;
			defaultConfigurationName = Release;
		};
/* End XCConfigurationList section */
	};
	rootObject = 2842FA24298FACFD0042235F /* Project object */;
}
